
Microsoft Visual Studio Solution File, Format Version 12.00
# Visual Studio 2012
Project("{FAE04EC0-301F-11D3-BF4B-00C04F79EFBC}") = "MyIdentityServer", "MyIdentityServer\MyIdentityServer.csproj", "{E6A4D255-ACA4-4D3E-ABC7-FC8AB4A9C9C0}"
EndProject
Project("{FAE04EC0-301F-11D3-BF4B-00C04F79EFBC}") = "MyTestAPI", "MyTestAPI\MyTestAPI.csproj", "{F750C3C1-AF91-416C-8091-A71BB081B9A0}"
EndProject
Project("{FAE04EC0-301F-11D3-BF4B-00C04F79EFBC}") = "MyIdentityClientApp", "MyIdentityClientApp\MyIdentityClientApp.csproj", "{78959D2A-8162-446E-8DBD-A48596F1CC3B}"
EndProject
Project("{FAE04EC0-301F-11D3-BF4B-00C04F79EFBC}") = "MyMVCApp", "MyMVCApp\MyMVCApp.csproj", "{E20D1C1B-FD3A-4A5C-836F-6569387AFE84}"
EndProject
Project("{FAE04EC0-301F-11D3-BF4B-00C04F79EFBC}") = "MyIdentityServerIdentCoreApp", "MyIdentityServerIdentCoreApp\MyIdentityServerIdentCoreApp.csproj", "{B1D81B67-93A6-4389-BD31-25F805B5446C}"
EndProject
Project("{FAE04EC0-301F-11D3-BF4B-00C04F79EFBC}") = "IdentityServerv2", "IdentityServerv2\IdentityServerv2.csproj", "{4BE0866E-0F97-48C4-979A-BA81F79F419E}"
EndProject
Global
	GlobalSection(SolutionConfigurationPlatforms) = preSolution
		Debug|Any CPU = Debug|Any CPU
		Release|Any CPU = Release|Any CPU
	EndGlobalSection
	GlobalSection(ProjectConfigurationPlatforms) = postSolution
		{E6A4D255-ACA4-4D3E-ABC7-FC8AB4A9C9C0}.Debug|Any CPU.ActiveCfg = Debug|Any CPU
		{E6A4D255-ACA4-4D3E-ABC7-FC8AB4A9C9C0}.Debug|Any CPU.Build.0 = Debug|Any CPU
		{E6A4D255-ACA4-4D3E-ABC7-FC8AB4A9C9C0}.Release|Any CPU.ActiveCfg = Release|Any CPU
		{E6A4D255-ACA4-4D3E-ABC7-FC8AB4A9C9C0}.Release|Any CPU.Build.0 = Release|Any CPU
		{F750C3C1-AF91-416C-8091-A71BB081B9A0}.Debug|Any CPU.ActiveCfg = Debug|Any CPU
		{F750C3C1-AF91-416C-8091-A71BB081B9A0}.Debug|Any CPU.Build.0 = Debug|Any CPU
		{F750C3C1-AF91-416C-8091-A71BB081B9A0}.Release|Any CPU.ActiveCfg = Release|Any CPU
		{F750C3C1-AF91-416C-8091-A71BB081B9A0}.Release|Any CPU.Build.0 = Release|Any CPU
		{78959D2A-8162-446E-8DBD-A48596F1CC3B}.Debug|Any CPU.ActiveCfg = Debug|Any CPU
		{78959D2A-8162-446E-8DBD-A48596F1CC3B}.Debug|Any CPU.Build.0 = Debug|Any CPU
		{78959D2A-8162-446E-8DBD-A48596F1CC3B}.Release|Any CPU.ActiveCfg = Release|Any CPU
		{78959D2A-8162-446E-8DBD-A48596F1CC3B}.Release|Any CPU.Build.0 = Release|Any CPU
		{E20D1C1B-FD3A-4A5C-836F-6569387AFE84}.Debug|Any CPU.ActiveCfg = Debug|Any CPU
		{E20D1C1B-FD3A-4A5C-836F-6569387AFE84}.Debug|Any CPU.Build.0 = Debug|Any CPU
		{E20D1C1B-FD3A-4A5C-836F-6569387AFE84}.Release|Any CPU.ActiveCfg = Release|Any CPU
		{E20D1C1B-FD3A-4A5C-836F-6569387AFE84}.Release|Any CPU.Build.0 = Release|Any CPU
		{B1D81B67-93A6-4389-BD31-25F805B5446C}.Debug|Any CPU.ActiveCfg = Debug|Any CPU
		{B1D81B67-93A6-4389-BD31-25F805B5446C}.Debug|Any CPU.Build.0 = Debug|Any CPU
		{B1D81B67-93A6-4389-BD31-25F805B5446C}.Release|Any CPU.ActiveCfg = Release|Any CPU
		{B1D81B67-93A6-4389-BD31-25F805B5446C}.Release|Any CPU.Build.0 = Release|Any CPU
		{4BE0866E-0F97-48C4-979A-BA81F79F419E}.Debug|Any CPU.ActiveCfg = Debug|Any CPU
		{4BE0866E-0F97-48C4-979A-BA81F79F419E}.Debug|Any CPU.Build.0 = Debug|Any CPU
		{4BE0866E-0F97-48C4-979A-BA81F79F419E}.Release|Any CPU.ActiveCfg = Release|Any CPU
		{4BE0866E-0F97-48C4-979A-BA81F79F419E}.Release|Any CPU.Build.0 = Release|Any CPU
	EndGlobalSection
EndGlobal
